// !$*UTF8*$!
{
	archiveVersion = 1;
	classes = {
	};
	objectVersion = 51;
	objects = {

/* Begin PBXBuildFile section */
		07680D8370FE449BA17054CC /* Pods_OpenMovieAppTests.framework in Frameworks */ = {isa = PBXBuildFile; fileRef = 8EB4FB3A94F1758858781A5C /* Pods_OpenMovieAppTests.framework */; };
		1FA47C9E23B957C90017D115 /* Movie.swift in Sources */ = {isa = PBXBuildFile; fileRef = 1FA47C9D23B957C90017D115 /* Movie.swift */; };
		1FA47CA023B957D60017D115 /* MoviesManager.swift in Sources */ = {isa = PBXBuildFile; fileRef = 1FA47C9F23B957D60017D115 /* MoviesManager.swift */; };
		1FA47CA223B957F50017D115 /* OpenMovieService.swift in Sources */ = {isa = PBXBuildFile; fileRef = 1FA47CA123B957F50017D115 /* OpenMovieService.swift */; };
		1FA47CA423B95C070017D115 /* MobieDetailViewController.swift in Sources */ = {isa = PBXBuildFile; fileRef = 1FA47CA323B95C070017D115 /* MobieDetailViewController.swift */; };
		1FA47CA623BD1BD80017D115 /* MoviesTableViewController.swift in Sources */ = {isa = PBXBuildFile; fileRef = 1FA47CA523BD1BD80017D115 /* MoviesTableViewController.swift */; };
		1FF6F84023B94AE600414ABA /* AppDelegate.swift in Sources */ = {isa = PBXBuildFile; fileRef = 1FF6F83F23B94AE600414ABA /* AppDelegate.swift */; };
		1FF6F84223B94AE600414ABA /* SceneDelegate.swift in Sources */ = {isa = PBXBuildFile; fileRef = 1FF6F84123B94AE600414ABA /* SceneDelegate.swift */; };
		1FF6F84723B94AE600414ABA /* Main.storyboard in Resources */ = {isa = PBXBuildFile; fileRef = 1FF6F84523B94AE600414ABA /* Main.storyboard */; };
		1FF6F84923B94AE900414ABA /* Assets.xcassets in Resources */ = {isa = PBXBuildFile; fileRef = 1FF6F84823B94AE900414ABA /* Assets.xcassets */; };
		1FF6F84C23B94AE900414ABA /* LaunchScreen.storyboard in Resources */ = {isa = PBXBuildFile; fileRef = 1FF6F84A23B94AE900414ABA /* LaunchScreen.storyboard */; };
		1FF6F85723B94AE900414ABA /* OpenMovieAppTests.swift in Sources */ = {isa = PBXBuildFile; fileRef = 1FF6F85623B94AE900414ABA /* OpenMovieAppTests.swift */; };
		1FF6F86223B94AE900414ABA /* OpenMovieAppUITests.swift in Sources */ = {isa = PBXBuildFile; fileRef = 1FF6F86123B94AE900414ABA /* OpenMovieAppUITests.swift */; };
		78412EF813ADE18B50E28F00 /* Pods_OpenMovieApp.framework in Frameworks */ = {isa = PBXBuildFile; fileRef = 07BF39B0E740507DFE14985F /* Pods_OpenMovieApp.framework */; };
		D741F9EE0070DAF79427C39C /* Pods_OpenMovieApp_OpenMovieAppUITests.framework in Frameworks */ = {isa = PBXBuildFile; fileRef = 88DCD4710AE4A1AE529E75FF /* Pods_OpenMovieApp_OpenMovieAppUITests.framework */; };
/* End PBXBuildFile section */

/* Begin PBXContainerItemProxy section */
		1FF6F85323B94AE900414ABA /* PBXContainerItemProxy */ = {
			isa = PBXContainerItemProxy;
			containerPortal = 1FF6F83423B94AE600414ABA /* Project object */;
			proxyType = 1;
			remoteGlobalIDString = 1FF6F83B23B94AE600414ABA;
			remoteInfo = OpenMovieApp;
		};
		1FF6F85E23B94AE900414ABA /* PBXContainerItemProxy */ = {
			isa = PBXContainerItemProxy;
			containerPortal = 1FF6F83423B94AE600414ABA /* Project object */;
			proxyType = 1;
			remoteGlobalIDString = 1FF6F83B23B94AE600414ABA;
			remoteInfo = OpenMovieApp;
		};
/* End PBXContainerItemProxy section */

/* Begin PBXFileReference section */
		019B63890583108C121F5388 /* Pods-OpenMovieAppTests.debug.xcconfig */ = {isa = PBXFileReference; includeInIndex = 1; lastKnownFileType = text.xcconfig; name = "Pods-OpenMovieAppTests.debug.xcconfig"; path = "Target Support Files/Pods-OpenMovieAppTests/Pods-OpenMovieAppTests.debug.xcconfig"; sourceTree = "<group>"; };
		07BF39B0E740507DFE14985F /* Pods_OpenMovieApp.framework */ = {isa = PBXFileReference; explicitFileType = wrapper.framework; includeInIndex = 0; path = Pods_OpenMovieApp.framework; sourceTree = BUILT_PRODUCTS_DIR; };
		10D468974B5DD81E74084DFB /* Pods-OpenMovieApp-OpenMovieAppUITests.debug.xcconfig */ = {isa = PBXFileReference; includeInIndex = 1; lastKnownFileType = text.xcconfig; name = "Pods-OpenMovieApp-OpenMovieAppUITests.debug.xcconfig"; path = "Target Support Files/Pods-OpenMovieApp-OpenMovieAppUITests/Pods-OpenMovieApp-OpenMovieAppUITests.debug.xcconfig"; sourceTree = "<group>"; };
		1FA47C9D23B957C90017D115 /* Movie.swift */ = {isa = PBXFileReference; lastKnownFileType = sourcecode.swift; path = Movie.swift; sourceTree = "<group>"; };
		1FA47C9F23B957D60017D115 /* MoviesManager.swift */ = {isa = PBXFileReference; lastKnownFileType = sourcecode.swift; path = MoviesManager.swift; sourceTree = "<group>"; };
		1FA47CA123B957F50017D115 /* OpenMovieService.swift */ = {isa = PBXFileReference; lastKnownFileType = sourcecode.swift; path = OpenMovieService.swift; sourceTree = "<group>"; };
		1FA47CA323B95C070017D115 /* MobieDetailViewController.swift */ = {isa = PBXFileReference; lastKnownFileType = sourcecode.swift; path = MobieDetailViewController.swift; sourceTree = "<group>"; };
		1FA47CA523BD1BD80017D115 /* MoviesTableViewController.swift */ = {isa = PBXFileReference; lastKnownFileType = sourcecode.swift; path = MoviesTableViewController.swift; sourceTree = "<group>"; };
		1FF6F83C23B94AE600414ABA /* OpenMovieApp.app */ = {isa = PBXFileReference; explicitFileType = wrapper.application; includeInIndex = 0; path = OpenMovieApp.app; sourceTree = BUILT_PRODUCTS_DIR; };
		1FF6F83F23B94AE600414ABA /* AppDelegate.swift */ = {isa = PBXFileReference; lastKnownFileType = sourcecode.swift; path = AppDelegate.swift; sourceTree = "<group>"; };
		1FF6F84123B94AE600414ABA /* SceneDelegate.swift */ = {isa = PBXFileReference; lastKnownFileType = sourcecode.swift; path = SceneDelegate.swift; sourceTree = "<group>"; };
		1FF6F84623B94AE600414ABA /* Base */ = {isa = PBXFileReference; lastKnownFileType = file.storyboard; name = Base; path = Base.lproj/Main.storyboard; sourceTree = "<group>"; };
		1FF6F84823B94AE900414ABA /* Assets.xcassets */ = {isa = PBXFileReference; lastKnownFileType = folder.assetcatalog; path = Assets.xcassets; sourceTree = "<group>"; };
		1FF6F84B23B94AE900414ABA /* Base */ = {isa = PBXFileReference; lastKnownFileType = file.storyboard; name = Base; path = Base.lproj/LaunchScreen.storyboard; sourceTree = "<group>"; };
		1FF6F84D23B94AE900414ABA /* Info.plist */ = {isa = PBXFileReference; lastKnownFileType = text.plist.xml; path = Info.plist; sourceTree = "<group>"; };
		1FF6F85223B94AE900414ABA /* OpenMovieAppTests.xctest */ = {isa = PBXFileReference; explicitFileType = wrapper.cfbundle; includeInIndex = 0; path = OpenMovieAppTests.xctest; sourceTree = BUILT_PRODUCTS_DIR; };
		1FF6F85623B94AE900414ABA /* OpenMovieAppTests.swift */ = {isa = PBXFileReference; lastKnownFileType = sourcecode.swift; path = OpenMovieAppTests.swift; sourceTree = "<group>"; };
		1FF6F85823B94AE900414ABA /* Info.plist */ = {isa = PBXFileReference; lastKnownFileType = text.plist.xml; path = Info.plist; sourceTree = "<group>"; };
		1FF6F85D23B94AE900414ABA /* OpenMovieAppUITests.xctest */ = {isa = PBXFileReference; explicitFileType = wrapper.cfbundle; includeInIndex = 0; path = OpenMovieAppUITests.xctest; sourceTree = BUILT_PRODUCTS_DIR; };
		1FF6F86123B94AE900414ABA /* OpenMovieAppUITests.swift */ = {isa = PBXFileReference; lastKnownFileType = sourcecode.swift; path = OpenMovieAppUITests.swift; sourceTree = "<group>"; };
		1FF6F86323B94AE900414ABA /* Info.plist */ = {isa = PBXFileReference; lastKnownFileType = text.plist.xml; path = Info.plist; sourceTree = "<group>"; };
		2DE98F576E74587A25DAEC0B /* Pods-OpenMovieAppTests.release.xcconfig */ = {isa = PBXFileReference; includeInIndex = 1; lastKnownFileType = text.xcconfig; name = "Pods-OpenMovieAppTests.release.xcconfig"; path = "Target Support Files/Pods-OpenMovieAppTests/Pods-OpenMovieAppTests.release.xcconfig"; sourceTree = "<group>"; };
		3AB51CA0AE91B262B353308B /* Pods-OpenMovieApp.debug.xcconfig */ = {isa = PBXFileReference; includeInIndex = 1; lastKnownFileType = text.xcconfig; name = "Pods-OpenMovieApp.debug.xcconfig"; path = "Target Support Files/Pods-OpenMovieApp/Pods-OpenMovieApp.debug.xcconfig"; sourceTree = "<group>"; };
		76F9AFF063ABAF03046DB96D /* Pods-OpenMovieApp.release.xcconfig */ = {isa = PBXFileReference; includeInIndex = 1; lastKnownFileType = text.xcconfig; name = "Pods-OpenMovieApp.release.xcconfig"; path = "Target Support Files/Pods-OpenMovieApp/Pods-OpenMovieApp.release.xcconfig"; sourceTree = "<group>"; };
		88DCD4710AE4A1AE529E75FF /* Pods_OpenMovieApp_OpenMovieAppUITests.framework */ = {isa = PBXFileReference; explicitFileType = wrapper.framework; includeInIndex = 0; path = Pods_OpenMovieApp_OpenMovieAppUITests.framework; sourceTree = BUILT_PRODUCTS_DIR; };
		8EB4FB3A94F1758858781A5C /* Pods_OpenMovieAppTests.framework */ = {isa = PBXFileReference; explicitFileType = wrapper.framework; includeInIndex = 0; path = Pods_OpenMovieAppTests.framework; sourceTree = BUILT_PRODUCTS_DIR; };
		B35118D3AD4F34480FA58EE4 /* Pods-OpenMovieApp-OpenMovieAppUITests.release.xcconfig */ = {isa = PBXFileReference; includeInIndex = 1; lastKnownFileType = text.xcconfig; name = "Pods-OpenMovieApp-OpenMovieAppUITests.release.xcconfig"; path = "Target Support Files/Pods-OpenMovieApp-OpenMovieAppUITests/Pods-OpenMovieApp-OpenMovieAppUITests.release.xcconfig"; sourceTree = "<group>"; };
/* End PBXFileReference section */

/* Begin PBXFrameworksBuildPhase section */
		1FF6F83923B94AE600414ABA /* Frameworks */ = {
			isa = PBXFrameworksBuildPhase;
			buildActionMask = 2147483647;
			files = (
				78412EF813ADE18B50E28F00 /* Pods_OpenMovieApp.framework in Frameworks */,
			);
			runOnlyForDeploymentPostprocessing = 0;
		};
		1FF6F84F23B94AE900414ABA /* Frameworks */ = {
			isa = PBXFrameworksBuildPhase;
			buildActionMask = 2147483647;
			files = (
				07680D8370FE449BA17054CC /* Pods_OpenMovieAppTests.framework in Frameworks */,
			);
			runOnlyForDeploymentPostprocessing = 0;
		};
		1FF6F85A23B94AE900414ABA /* Frameworks */ = {
			isa = PBXFrameworksBuildPhase;
			buildActionMask = 2147483647;
			files = (
				D741F9EE0070DAF79427C39C /* Pods_OpenMovieApp_OpenMovieAppUITests.framework in Frameworks */,
			);
			runOnlyForDeploymentPostprocessing = 0;
		};
/* End PBXFrameworksBuildPhase section */

/* Begin PBXGroup section */
		0A3BA77FF6541A9B830EAE89 /* Pods */ = {
			isa = PBXGroup;
			children = (
				3AB51CA0AE91B262B353308B /* Pods-OpenMovieApp.debug.xcconfig */,
				76F9AFF063ABAF03046DB96D /* Pods-OpenMovieApp.release.xcconfig */,
				10D468974B5DD81E74084DFB /* Pods-OpenMovieApp-OpenMovieAppUITests.debug.xcconfig */,
				B35118D3AD4F34480FA58EE4 /* Pods-OpenMovieApp-OpenMovieAppUITests.release.xcconfig */,
				019B63890583108C121F5388 /* Pods-OpenMovieAppTests.debug.xcconfig */,
				2DE98F576E74587A25DAEC0B /* Pods-OpenMovieAppTests.release.xcconfig */,
			);
			path = Pods;
			sourceTree = "<group>";
		};
		1FA47C9A23B957830017D115 /* Model */ = {
			isa = PBXGroup;
			children = (
				1FA47C9D23B957C90017D115 /* Movie.swift */,
				1FA47C9F23B957D60017D115 /* MoviesManager.swift */,
				1FA47CA123B957F50017D115 /* OpenMovieService.swift */,
			);
			path = Model;
			sourceTree = "<group>";
		};
		1FA47C9B23B957930017D115 /* View */ = {
			isa = PBXGroup;
			children = (
			);
			path = View;
			sourceTree = "<group>";
		};
		1FA47C9C23B957990017D115 /* Controller */ = {
			isa = PBXGroup;
			children = (
				1FA47CA323B95C070017D115 /* MobieDetailViewController.swift */,
				1FA47CA523BD1BD80017D115 /* MoviesTableViewController.swift */,
			);
			path = Controller;
			sourceTree = "<group>";
		};
		1FF6F83323B94AE600414ABA = {
			isa = PBXGroup;
			children = (
				1FF6F83E23B94AE600414ABA /* OpenMovieApp */,
				1FF6F85523B94AE900414ABA /* OpenMovieAppTests */,
				1FF6F86023B94AE900414ABA /* OpenMovieAppUITests */,
				1FF6F83D23B94AE600414ABA /* Products */,
				0A3BA77FF6541A9B830EAE89 /* Pods */,
				FB69D34610E4D48860538BB3 /* Frameworks */,
			);
			sourceTree = "<group>";
		};
		1FF6F83D23B94AE600414ABA /* Products */ = {
			isa = PBXGroup;
			children = (
				1FF6F83C23B94AE600414ABA /* OpenMovieApp.app */,
				1FF6F85223B94AE900414ABA /* OpenMovieAppTests.xctest */,
				1FF6F85D23B94AE900414ABA /* OpenMovieAppUITests.xctest */,
			);
			name = Products;
			sourceTree = "<group>";
		};
		1FF6F83E23B94AE600414ABA /* OpenMovieApp */ = {
			isa = PBXGroup;
			children = (
				1FA47C9A23B957830017D115 /* Model */,
				1FA47C9B23B957930017D115 /* View */,
				1FA47C9C23B957990017D115 /* Controller */,
				1FF6F83F23B94AE600414ABA /* AppDelegate.swift */,
				1FF6F84123B94AE600414ABA /* SceneDelegate.swift */,
				1FF6F84523B94AE600414ABA /* Main.storyboard */,
				1FF6F84823B94AE900414ABA /* Assets.xcassets */,
				1FF6F84A23B94AE900414ABA /* LaunchScreen.storyboard */,
				1FF6F84D23B94AE900414ABA /* Info.plist */,
			);
			path = OpenMovieApp;
			sourceTree = "<group>";
		};
		1FF6F85523B94AE900414ABA /* OpenMovieAppTests */ = {
			isa = PBXGroup;
			children = (
				1FF6F85623B94AE900414ABA /* OpenMovieAppTests.swift */,
				1FF6F85823B94AE900414ABA /* Info.plist */,
			);
			path = OpenMovieAppTests;
			sourceTree = "<group>";
		};
		1FF6F86023B94AE900414ABA /* OpenMovieAppUITests */ = {
			isa = PBXGroup;
			children = (
				1FF6F86123B94AE900414ABA /* OpenMovieAppUITests.swift */,
				1FF6F86323B94AE900414ABA /* Info.plist */,
			);
			path = OpenMovieAppUITests;
			sourceTree = "<group>";
		};
		FB69D34610E4D48860538BB3 /* Frameworks */ = {
			isa = PBXGroup;
			children = (
				07BF39B0E740507DFE14985F /* Pods_OpenMovieApp.framework */,
				88DCD4710AE4A1AE529E75FF /* Pods_OpenMovieApp_OpenMovieAppUITests.framework */,
				8EB4FB3A94F1758858781A5C /* Pods_OpenMovieAppTests.framework */,
			);
			name = Frameworks;
			sourceTree = "<group>";
		};
/* End PBXGroup section */

/* Begin PBXNativeTarget section */
		1FF6F83B23B94AE600414ABA /* OpenMovieApp */ = {
			isa = PBXNativeTarget;
			buildConfigurationList = 1FF6F86623B94AE900414ABA /* Build configuration list for PBXNativeTarget "OpenMovieApp" */;
			buildPhases = (
				D110D46DF0FC37EECDBD3D4B /* [CP] Check Pods Manifest.lock */,
				1FF6F83823B94AE600414ABA /* Sources */,
				1FF6F83923B94AE600414ABA /* Frameworks */,
				1FF6F83A23B94AE600414ABA /* Resources */,
				55F0E138BF8735DA93FB2B51 /* [CP] Embed Pods Frameworks */,
			);
			buildRules = (
			);
			dependencies = (
			);
			name = OpenMovieApp;
			productName = OpenMovieApp;
			productReference = 1FF6F83C23B94AE600414ABA /* OpenMovieApp.app */;
			productType = "com.apple.product-type.application";
		};
		1FF6F85123B94AE900414ABA /* OpenMovieAppTests */ = {
			isa = PBXNativeTarget;
			buildConfigurationList = 1FF6F86923B94AE900414ABA /* Build configuration list for PBXNativeTarget "OpenMovieAppTests" */;
			buildPhases = (
				8DCA6A0A33C483282B622BBD /* [CP] Check Pods Manifest.lock */,
				1FF6F84E23B94AE900414ABA /* Sources */,
				1FF6F84F23B94AE900414ABA /* Frameworks */,
				1FF6F85023B94AE900414ABA /* Resources */,
			);
			buildRules = (
			);
			dependencies = (
				1FF6F85423B94AE900414ABA /* PBXTargetDependency */,
			);
			name = OpenMovieAppTests;
			productName = OpenMovieAppTests;
			productReference = 1FF6F85223B94AE900414ABA /* OpenMovieAppTests.xctest */;
			productType = "com.apple.product-type.bundle.unit-test";
		};
		1FF6F85C23B94AE900414ABA /* OpenMovieAppUITests */ = {
			isa = PBXNativeTarget;
			buildConfigurationList = 1FF6F86C23B94AE900414ABA /* Build configuration list for PBXNativeTarget "OpenMovieAppUITests" */;
			buildPhases = (
				3F7D3D99BC08316BD042137D /* [CP] Check Pods Manifest.lock */,
				1FF6F85923B94AE900414ABA /* Sources */,
				1FF6F85A23B94AE900414ABA /* Frameworks */,
				1FF6F85B23B94AE900414ABA /* Resources */,
				6E0B96A1BD649F8D6EE5E80F /* [CP] Embed Pods Frameworks */,
			);
			buildRules = (
			);
			dependencies = (
				1FF6F85F23B94AE900414ABA /* PBXTargetDependency */,
			);
			name = OpenMovieAppUITests;
			productName = OpenMovieAppUITests;
			productReference = 1FF6F85D23B94AE900414ABA /* OpenMovieAppUITests.xctest */;
			productType = "com.apple.product-type.bundle.ui-testing";
		};
/* End PBXNativeTarget section */

/* Begin PBXProject section */
		1FF6F83423B94AE600414ABA /* Project object */ = {
			isa = PBXProject;
			attributes = {
				LastSwiftUpdateCheck = 1130;
				LastUpgradeCheck = 1130;
				ORGANIZATIONNAME = "Nan Su";
				TargetAttributes = {
					1FF6F83B23B94AE600414ABA = {
						CreatedOnToolsVersion = 11.3;
					};
					1FF6F85123B94AE900414ABA = {
						CreatedOnToolsVersion = 11.3;
						TestTargetID = 1FF6F83B23B94AE600414ABA;
					};
					1FF6F85C23B94AE900414ABA = {
						CreatedOnToolsVersion = 11.3;
						TestTargetID = 1FF6F83B23B94AE600414ABA;
					};
				};
			};
			buildConfigurationList = 1FF6F83723B94AE600414ABA /* Build configuration list for PBXProject "OpenMovieApp" */;
			compatibilityVersion = "Xcode 9.3";
			developmentRegion = en;
			hasScannedForEncodings = 0;
			knownRegions = (
				en,
				Base,
			);
			mainGroup = 1FF6F83323B94AE600414ABA;
			productRefGroup = 1FF6F83D23B94AE600414ABA /* Products */;
			projectDirPath = "";
			projectRoot = "";
			targets = (
				1FF6F83B23B94AE600414ABA /* OpenMovieApp */,
				1FF6F85123B94AE900414ABA /* OpenMovieAppTests */,
				1FF6F85C23B94AE900414ABA /* OpenMovieAppUITests */,
			);
		};
/* End PBXProject section */

/* Begin PBXResourcesBuildPhase section */
		1FF6F83A23B94AE600414ABA /* Resources */ = {
			isa = PBXResourcesBuildPhase;
			buildActionMask = 2147483647;
			files = (
				1FF6F84C23B94AE900414ABA /* LaunchScreen.storyboard in Resources */,
				1FF6F84923B94AE900414ABA /* Assets.xcassets in Resources */,
				1FF6F84723B94AE600414ABA /* Main.storyboard in Resources */,
			);
			runOnlyForDeploymentPostprocessing = 0;
		};
		1FF6F85023B94AE900414ABA /* Resources */ = {
			isa = PBXResourcesBuildPhase;
			buildActionMask = 2147483647;
			files = (
			);
			runOnlyForDeploymentPostprocessing = 0;
		};
		1FF6F85B23B94AE900414ABA /* Resources */ = {
			isa = PBXResourcesBuildPhase;
			buildActionMask = 2147483647;
			files = (
			);
			runOnlyForDeploymentPostprocessing = 0;
		};
/* End PBXResourcesBuildPhase section */

/* Begin PBXShellScriptBuildPhase section */
		3F7D3D99BC08316BD042137D /* [CP] Check Pods Manifest.lock */ = {
			isa = PBXShellScriptBuildPhase;
			buildActionMask = 2147483647;
			files = (
			);
			inputFileListPaths = (
			);
			inputPaths = (
				"${PODS_PODFILE_DIR_PATH}/Podfile.lock",
				"${PODS_ROOT}/Manifest.lock",
			);
			name = "[CP] Check Pods Manifest.lock";
			outputFileListPaths = (
			);
			outputPaths = (
				"$(DERIVED_FILE_DIR)/Pods-OpenMovieApp-OpenMovieAppUITests-checkManifestLockResult.txt",
			);
			runOnlyForDeploymentPostprocessing = 0;
			shellPath = /bin/sh;
			shellScript = "diff \"${PODS_PODFILE_DIR_PATH}/Podfile.lock\" \"${PODS_ROOT}/Manifest.lock\" > /dev/null\nif [ $? != 0 ] ; then\n    # print error to STDERR\n    echo \"error: The sandbox is not in sync with the Podfile.lock. Run 'pod install' or update your CocoaPods installation.\" >&2\n    exit 1\nfi\n# This output is used by Xcode 'outputs' to avoid re-running this script phase.\necho \"SUCCESS\" > \"${SCRIPT_OUTPUT_FILE_0}\"\n";
			showEnvVarsInLog = 0;
		};
		55F0E138BF8735DA93FB2B51 /* [CP] Embed Pods Frameworks */ = {
			isa = PBXShellScriptBuildPhase;
			buildActionMask = 2147483647;
			files = (
			);
			inputFileListPaths = (
				"${PODS_ROOT}/Target Support Files/Pods-OpenMovieApp/Pods-OpenMovieApp-frameworks-${CONFIGURATION}-input-files.xcfilelist",
			);
			name = "[CP] Embed Pods Frameworks";
			outputFileListPaths = (
				"${PODS_ROOT}/Target Support Files/Pods-OpenMovieApp/Pods-OpenMovieApp-frameworks-${CONFIGURATION}-output-files.xcfilelist",
			);
			runOnlyForDeploymentPostprocessing = 0;
			shellPath = /bin/sh;
			shellScript = "\"${PODS_ROOT}/Target Support Files/Pods-OpenMovieApp/Pods-OpenMovieApp-frameworks.sh\"\n";
			showEnvVarsInLog = 0;
		};
		6E0B96A1BD649F8D6EE5E80F /* [CP] Embed Pods Frameworks */ = {
			isa = PBXShellScriptBuildPhase;
			buildActionMask = 2147483647;
			files = (
			);
			inputFileListPaths = (
				"${PODS_ROOT}/Target Support Files/Pods-OpenMovieApp-OpenMovieAppUITests/Pods-OpenMovieApp-OpenMovieAppUITests-frameworks-${CONFIGURATION}-input-files.xcfilelist",
			);
			name = "[CP] Embed Pods Frameworks";
			outputFileListPaths = (
				"${PODS_ROOT}/Target Support Files/Pods-OpenMovieApp-OpenMovieAppUITests/Pods-OpenMovieApp-OpenMovieAppUITests-frameworks-${CONFIGURATION}-output-files.xcfilelist",
			);
			runOnlyForDeploymentPostprocessing = 0;
			shellPath = /bin/sh;
			shellScript = "\"${PODS_ROOT}/Target Support Files/Pods-OpenMovieApp-OpenMovieAppUITests/Pods-OpenMovieApp-OpenMovieAppUITests-frameworks.sh\"\n";
			showEnvVarsInLog = 0;
		};
		8DCA6A0A33C483282B622BBD /* [CP] Check Pods Manifest.lock */ = {
			isa = PBXShellScriptBuildPhase;
			buildActionMask = 2147483647;
			files = (
			);
			inputFileListPaths = (
			);
			inputPaths = (
				"${PODS_PODFILE_DIR_PATH}/Podfile.lock",
				"${PODS_ROOT}/Manifest.lock",
			);
			name = "[CP] Check Pods Manifest.lock";
			outputFileListPaths = (
			);
			outputPaths = (
				"$(DERIVED_FILE_DIR)/Pods-OpenMovieAppTests-checkManifestLockResult.txt",
			);
			runOnlyForDeploymentPostprocessing = 0;
			shellPath = /bin/sh;
			shellScript = "diff \"${PODS_PODFILE_DIR_PATH}/Podfile.lock\" \"${PODS_ROOT}/Manifest.lock\" > /dev/null\nif [ $? != 0 ] ; then\n    # print error to STDERR\n    echo \"error: The sandbox is not in sync with the Podfile.lock. Run 'pod install' or update your CocoaPods installation.\" >&2\n    exit 1\nfi\n# This output is used by Xcode 'outputs' to avoid re-running this script phase.\necho \"SUCCESS\" > \"${SCRIPT_OUTPUT_FILE_0}\"\n";
			showEnvVarsInLog = 0;
		};
		D110D46DF0FC37EECDBD3D4B /* [CP] Check Pods Manifest.lock */ = {
			isa = PBXShellScriptBuildPhase;
			buildActionMask = 2147483647;
			files = (
			);
			inputFileListPaths = (
			);
			inputPaths = (
				"${PODS_PODFILE_DIR_PATH}/Podfile.lock",
				"${PODS_ROOT}/Manifest.lock",
			);
			name = "[CP] Check Pods Manifest.lock";
			outputFileListPaths = (
			);
			outputPaths = (
				"$(DERIVED_FILE_DIR)/Pods-OpenMovieApp-checkManifestLockResult.txt",
			);
			runOnlyForDeploymentPostprocessing = 0;
			shellPath = /bin/sh;
			shellScript = "diff \"${PODS_PODFILE_DIR_PATH}/Podfile.lock\" \"${PODS_ROOT}/Manifest.lock\" > /dev/null\nif [ $? != 0 ] ; then\n    # print error to STDERR\n    echo \"error: The sandbox is not in sync with the Podfile.lock. Run 'pod install' or update your CocoaPods installation.\" >&2\n    exit 1\nfi\n# This output is used by Xcode 'outputs' to avoid re-running this script phase.\necho \"SUCCESS\" > \"${SCRIPT_OUTPUT_FILE_0}\"\n";
			showEnvVarsInLog = 0;
		};
/* End PBXShellScriptBuildPhase section */

/* Begin PBXSourcesBuildPhase section */
		1FF6F83823B94AE600414ABA /* Sources */ = {
			isa = PBXSourcesBuildPhase;
			buildActionMask = 2147483647;
			files = (
				1FF6F84023B94AE600414ABA /* AppDelegate.swift in Sources */,
				1FA47CA023B957D60017D115 /* MoviesManager.swift in Sources */,
				1FA47CA423B95C070017D115 /* MobieDetailViewController.swift in Sources */,
				1FA47CA623BD1BD80017D115 /* MoviesTableViewController.swift in Sources */,
				1FA47C9E23B957C90017D115 /* Movie.swift in Sources */,
				1FF6F84223B94AE600414ABA /* SceneDelegate.swift in Sources */,
				1FA47CA223B957F50017D115 /* OpenMovieService.swift in Sources */,
			);
			runOnlyForDeploymentPostprocessing = 0;
		};
		1FF6F84E23B94AE900414ABA /* Sources */ = {
			isa = PBXSourcesBuildPhase;
			buildActionMask = 2147483647;
			files = (
				1FF6F85723B94AE900414ABA /* OpenMovieAppTests.swift in Sources */,
			);
			runOnlyForDeploymentPostprocessing = 0;
		};
		1FF6F85923B94AE900414ABA /* Sources */ = {
			isa = PBXSourcesBuildPhase;
			buildActionMask = 2147483647;
			files = (
				1FF6F86223B94AE900414ABA /* OpenMovieAppUITests.swift in Sources */,
			);
			runOnlyForDeploymentPostprocessing = 0;
		};
/* End PBXSourcesBuildPhase section */

/* Begin PBXTargetDependency section */
		1FF6F85423B94AE900414ABA /* PBXTargetDependency */ = {
			isa = PBXTargetDependency;
			target = 1FF6F83B23B94AE600414ABA /* OpenMovieApp */;
			targetProxy = 1FF6F85323B94AE900414ABA /* PBXContainerItemProxy */;
		};
		1FF6F85F23B94AE900414ABA /* PBXTargetDependency */ = {
			isa = PBXTargetDependency;
			target = 1FF6F83B23B94AE600414ABA /* OpenMovieApp */;
			targetProxy = 1FF6F85E23B94AE900414ABA /* PBXContainerItemProxy */;
		};
/* End PBXTargetDependency section */

/* Begin PBXVariantGroup section */
		1FF6F84523B94AE600414ABA /* Main.storyboard */ = {
			isa = PBXVariantGroup;
			children = (
				1FF6F84623B94AE600414ABA /* Base */,
			);
			name = Main.storyboard;
			sourceTree = "<group>";
		};
		1FF6F84A23B94AE900414ABA /* LaunchScreen.storyboard */ = {
			isa = PBXVariantGroup;
			children = (
				1FF6F84B23B94AE900414ABA /* Base */,
			);
			name = LaunchScreen.storyboard;
			sourceTree = "<group>";
		};
/* End PBXVariantGroup section */

/* Begin XCBuildConfiguration section */
		1FF6F86423B94AE900414ABA /* Debug */ = {
			isa = XCBuildConfiguration;
			buildSettings = {
				ALWAYS_SEARCH_USER_PATHS = NO;
				CLANG_ANALYZER_NONNULL = YES;
				CLANG_ANALYZER_NUMBER_OBJECT_CONVERSION = YES_AGGRESSIVE;
				CLANG_CXX_LANGUAGE_STANDARD = "gnu++14";
				CLANG_CXX_LIBRARY = "libc++";
				CLANG_ENABLE_MODULES = YES;
				CLANG_ENABLE_OBJC_ARC = YES;
				CLANG_ENABLE_OBJC_WEAK = YES;
				CLANG_WARN_BLOCK_CAPTURE_AUTORELEASING = YES;
				CLANG_WARN_BOOL_CONVERSION = YES;
				CLANG_WARN_COMMA = YES;
				CLANG_WARN_CONSTANT_CONVERSION = YES;
				CLANG_WARN_DEPRECATED_OBJC_IMPLEMENTATIONS = YES;
				CLANG_WARN_DIRECT_OBJC_ISA_USAGE = YES_ERROR;
				CLANG_WARN_DOCUMENTATION_COMMENTS = YES;
				CLANG_WARN_EMPTY_BODY = YES;
				CLANG_WARN_ENUM_CONVERSION = YES;
				CLANG_WARN_INFINITE_RECURSION = YES;
				CLANG_WARN_INT_CONVERSION = YES;
				CLANG_WARN_NON_LITERAL_NULL_CONVERSION = YES;
				CLANG_WARN_OBJC_IMPLICIT_RETAIN_SELF = YES;
				CLANG_WARN_OBJC_LITERAL_CONVERSION = YES;
				CLANG_WARN_OBJC_ROOT_CLASS = YES_ERROR;
				CLANG_WARN_RANGE_LOOP_ANALYSIS = YES;
				CLANG_WARN_STRICT_PROTOTYPES = YES;
				CLANG_WARN_SUSPICIOUS_MOVE = YES;
				CLANG_WARN_UNGUARDED_AVAILABILITY = YES_AGGRESSIVE;
				CLANG_WARN_UNREACHABLE_CODE = YES;
				CLANG_WARN__DUPLICATE_METHOD_MATCH = YES;
				COPY_PHASE_STRIP = NO;
				DEBUG_INFORMATION_FORMAT = dwarf;
				ENABLE_STRICT_OBJC_MSGSEND = YES;
				ENABLE_TESTABILITY = YES;
				GCC_C_LANGUAGE_STANDARD = gnu11;
				GCC_DYNAMIC_NO_PIC = NO;
				GCC_NO_COMMON_BLOCKS = YES;
				GCC_OPTIMIZATION_LEVEL = 0;
				GCC_PREPROCESSOR_DEFINITIONS = (
					"DEBUG=1",
					"$(inherited)",
				);
				GCC_WARN_64_TO_32_BIT_CONVERSION = YES;
				GCC_WARN_ABOUT_RETURN_TYPE = YES_ERROR;
				GCC_WARN_UNDECLARED_SELECTOR = YES;
				GCC_WARN_UNINITIALIZED_AUTOS = YES_AGGRESSIVE;
				GCC_WARN_UNUSED_FUNCTION = YES;
				GCC_WARN_UNUSED_VARIABLE = YES;
				IPHONEOS_DEPLOYMENT_TARGET = 13.2;
				MTL_ENABLE_DEBUG_INFO = INCLUDE_SOURCE;
				MTL_FAST_MATH = YES;
				ONLY_ACTIVE_ARCH = YES;
				SDKROOT = iphoneos;
				SWIFT_ACTIVE_COMPILATION_CONDITIONS = DEBUG;
				SWIFT_OPTIMIZATION_LEVEL = "-Onone";
			};
			name = Debug;
		};
		1FF6F86523B94AE900414ABA /* Release */ = {
			isa = XCBuildConfiguration;
			buildSettings = {
				ALWAYS_SEARCH_USER_PATHS = NO;
				CLANG_ANALYZER_NONNULL = YES;
				CLANG_ANALYZER_NUMBER_OBJECT_CONVERSION = YES_AGGRESSIVE;
				CLANG_CXX_LANGUAGE_STANDARD = "gnu++14";
				CLANG_CXX_LIBRARY = "libc++";
				CLANG_ENABLE_MODULES = YES;
				CLANG_ENABLE_OBJC_ARC = YES;
				CLANG_ENABLE_OBJC_WEAK = YES;
				CLANG_WARN_BLOCK_CAPTURE_AUTORELEASING = YES;
				CLANG_WARN_BOOL_CONVERSION = YES;
				CLANG_WARN_COMMA = YES;
				CLANG_WARN_CONSTANT_CONVERSION = YES;
				CLANG_WARN_DEPRECATED_OBJC_IMPLEMENTATIONS = YES;
				CLANG_WARN_DIRECT_OBJC_ISA_USAGE = YES_ERROR;
				CLANG_WARN_DOCUMENTATION_COMMENTS = YES;
				CLANG_WARN_EMPTY_BODY = YES;
				CLANG_WARN_ENUM_CONVERSION = YES;
				CLANG_WARN_INFINITE_RECURSION = YES;
				CLANG_WARN_INT_CONVERSION = YES;
				CLANG_WARN_NON_LITERAL_NULL_CONVERSION = YES;
				CLANG_WARN_OBJC_IMPLICIT_RETAIN_SELF = YES;
				CLANG_WARN_OBJC_LITERAL_CONVERSION = YES;
				CLANG_WARN_OBJC_ROOT_CLASS = YES_ERROR;
				CLANG_WARN_RANGE_LOOP_ANALYSIS = YES;
				CLANG_WARN_STRICT_PROTOTYPES = YES;
				CLANG_WARN_SUSPICIOUS_MOVE = YES;
				CLANG_WARN_UNGUARDED_AVAILABILITY = YES_AGGRESSIVE;
				CLANG_WARN_UNREACHABLE_CODE = YES;
				CLANG_WARN__DUPLICATE_METHOD_MATCH = YES;
				COPY_PHASE_STRIP = NO;
				DEBUG_INFORMATION_FORMAT = "dwarf-with-dsym";
				ENABLE_NS_ASSERTIONS = NO;
				ENABLE_STRICT_OBJC_MSGSEND = YES;
				GCC_C_LANGUAGE_STANDARD = gnu11;
				GCC_NO_COMMON_BLOCKS = YES;
				GCC_WARN_64_TO_32_BIT_CONVERSION = YES;
				GCC_WARN_ABOUT_RETURN_TYPE = YES_ERROR;
				GCC_WARN_UNDECLARED_SELECTOR = YES;
				GCC_WARN_UNINITIALIZED_AUTOS = YES_AGGRESSIVE;
				GCC_WARN_UNUSED_FUNCTION = YES;
				GCC_WARN_UNUSED_VARIABLE = YES;
				IPHONEOS_DEPLOYMENT_TARGET = 13.2;
				MTL_ENABLE_DEBUG_INFO = NO;
				MTL_FAST_MATH = YES;
				SDKROOT = iphoneos;
				SWIFT_COMPILATION_MODE = wholemodule;
				SWIFT_OPTIMIZATION_LEVEL = "-O";
				VALIDATE_PRODUCT = YES;
			};
			name = Release;
		};
		1FF6F86723B94AE900414ABA /* Debug */ = {
			isa = XCBuildConfiguration;
			baseConfigurationReference = 3AB51CA0AE91B262B353308B /* Pods-OpenMovieApp.debug.xcconfig */;
			buildSettings = {
				ASSETCATALOG_COMPILER_APPICON_NAME = AppIcon;
				CODE_SIGN_STYLE = Automatic;
				DEVELOPMENT_TEAM = 3LW2DDN6M7;
				INFOPLIST_FILE = OpenMovieApp/Info.plist;
				LD_RUNPATH_SEARCH_PATHS = (
					"$(inherited)",
					"@executable_path/Frameworks",
				);
				PRODUCT_BUNDLE_IDENTIFIER = nansutest.OpenMovieApp;
				PRODUCT_NAME = "$(TARGET_NAME)";
				SWIFT_VERSION = 5.0;
				TARGETED_DEVICE_FAMILY = "1,2";
			};
			name = Debug;
		};
		1FF6F86823B94AE900414ABA /* Release */ = {
			isa = XCBuildConfiguration;
			baseConfigurationReference = 76F9AFF063ABAF03046DB96D /* Pods-OpenMovieApp.release.xcconfig */;
			buildSettings = {
				ASSETCATALOG_COMPILER_APPICON_NAME = AppIcon;
				CODE_SIGN_STYLE = Automatic;
				DEVELOPMENT_TEAM = 3LW2DDN6M7;
				INFOPLIST_FILE = OpenMovieApp/Info.plist;
				LD_RUNPATH_SEARCH_PATHS = (
					"$(inherited)",
					"@executable_path/Frameworks",
				);
				PRODUCT_BUNDLE_IDENTIFIER = nansutest.OpenMovieApp;
				PRODUCT_NAME = "$(TARGET_NAME)";
				SWIFT_VERSION = 5.0;
				TARGETED_DEVICE_FAMILY = "1,2";
			};
			name = Release;
		};
		1FF6F86A23B94AE900414ABA /* Debug */ = {
			isa = XCBuildConfiguration;
			baseConfigurationReference = 019B63890583108C121F5388 /* Pods-OpenMovieAppTests.debug.xcconfig */;
			buildSettings = {
				ALWAYS_EMBED_SWIFT_STANDARD_LIBRARIES = YES;
				BUNDLE_LOADER = "$(TEST_HOST)";
				CODE_SIGN_STYLE = Automatic;
				DEVELOPMENT_TEAM = 3LW2DDN6M7;
				INFOPLIST_FILE = OpenMovieAppTests/Info.plist;
				IPHONEOS_DEPLOYMENT_TARGET = 13.2;
				LD_RUNPATH_SEARCH_PATHS = (
					"$(inherited)",
					"@executable_path/Frameworks",
					"@loader_path/Frameworks",
				);
				PRODUCT_BUNDLE_IDENTIFIER = nansutest.OpenMovieAppTests;
				PRODUCT_NAME = "$(TARGET_NAME)";
				SWIFT_VERSION = 5.0;
				TARGETED_DEVICE_FAMILY = "1,2";
				TEST_HOST = "$(BUILT_PRODUCTS_DIR)/OpenMovieApp.app/OpenMovieApp";
			};
			name = Debug;
		};
		1FF6F86B23B94AE900414ABA /* Release */ = {
			isa = XCBuildConfiguration;
			baseConfigurationReference = 2DE98F576E74587A25DAEC0B /* Pods-OpenMovieAppTests.release.xcconfig */;
			buildSettings = {
				ALWAYS_EMBED_SWIFT_STANDARD_LIBRARIES = YES;
				BUNDLE_LOADER = "$(TEST_HOST)";
				CODE_SIGN_STYLE = Automatic;
				DEVELOPMENT_TEAM = 3LW2DDN6M7;
				INFOPLIST_FILE = OpenMovieAppTests/Info.plist;
				IPHONEOS_DEPLOYMENT_TARGET = 13.2;
				LD_RUNPATH_SEARCH_PATHS = (
					"$(inherited)",
					"@executable_path/Frameworks",
					"@loader_path/Frameworks",
				);
				PRODUCT_BUNDLE_IDENTIFIER = nansutest.OpenMovieAppTests;
				PRODUCT_NAME = "$(TARGET_NAME)";
				SWIFT_VERSION = 5.0;
				TARGETED_DEVICE_FAMILY = "1,2";
				TEST_HOST = "$(BUILT_PRODUCTS_DIR)/OpenMovieApp.app/OpenMovieApp";
			};
			name = Release;
		};
		1FF6F86D23B94AE900414ABA /* Debug */ = {
			isa = XCBuildConfiguration;
			baseConfigurationReference = 10D468974B5DD81E74084DFB /* Pods-OpenMovieApp-OpenMovieAppUITests.debug.xcconfig */;
			buildSettings = {
				ALWAYS_EMBED_SWIFT_STANDARD_LIBRARIES = YES;
				CODE_SIGN_STYLE = Automatic;
				DEVELOPMENT_TEAM = 3LW2DDN6M7;
				INFOPLIST_FILE = OpenMovieAppUITests/Info.plist;
				LD_RUNPATH_SEARCH_PATHS = (
					"$(inherited)",
					"@executable_path/Frameworks",
					"@loader_path/Frameworks",
				);
				PRODUCT_BUNDLE_IDENTIFIER = nansutest.OpenMovieAppUITests;
				PRODUCT_NAME = "$(TARGET_NAME)";
				SWIFT_VERSION = 5.0;
				TARGETED_DEVICE_FAMILY = "1,2";
				TEST_TARGET_NAME = OpenMovieApp;
			};
			name = Debug;
		};
		1FF6F86E23B94AE900414ABA /* Release */ = {
			isa = XCBuildConfiguration;
			baseConfigurationReference = B35118D3AD4F34480FA58EE4 /* Pods-OpenMovieApp-OpenMovieAppUITests.release.xcconfig */;
			buildSettings = {
				ALWAYS_EMBED_SWIFT_STANDARD_LIBRARIES = YES;
				CODE_SIGN_STYLE = Automatic;
				DEVELOPMENT_TEAM = 3LW2DDN6M7;
				INFOPLIST_FILE = OpenMovieAppUITests/Info.plist;
				LD_RUNPATH_SEARCH_PATHS = (
					"$(inherited)",
					"@executable_path/Frameworks",
					"@loader_path/Frameworks",
				);
				PRODUCT_BUNDLE_IDENTIFIER = nansutest.OpenMovieAppUITests;
				PRODUCT_NAME = "$(TARGET_NAME)";
				SWIFT_VERSION = 5.0;
				TARGETED_DEVICE_FAMILY = "1,2";
				TEST_TARGET_NAME = OpenMovieApp;
			};
			name = Release;
		};
/* End XCBuildConfiguration section */

/* Begin XCConfigurationList section */
		1FF6F83723B94AE600414ABA /* Build configuration list for PBXProject "OpenMovieApp" */ = {
			isa = XCConfigurationList;
			buildConfigurations = (
				1FF6F86423B94AE900414ABA /* Debug */,
				1FF6F86523B94AE900414ABA /* Release */,
			);
			defaultConfigurationIsVisible = 0;
			defaultConfigurationName = Release;
		};
		1FF6F86623B94AE900414ABA /* Build configuration list for PBXNativeTarget "OpenMovieApp" */ = {
			isa = XCConfigurationList;
			buildConfigurations = (
				1FF6F86723B94AE900414ABA /* Debug */,
				1FF6F86823B94AE900414ABA /* Release */,
			);
			defaultConfigurationIsVisible = 0;
			defaultConfigurationName = Release;
		};
		1FF6F86923B94AE900414ABA /* Build configuration list for PBXNativeTarget "OpenMovieAppTests" */ = {
			isa = XCConfigurationList;
			buildConfigurations = (
				1FF6F86A23B94AE900414ABA /* Debug */,
				1FF6F86B23B94AE900414ABA /* Release */,
			);
			defaultConfigurationIsVisible = 0;
			defaultConfigurationName = Release;
		};
		1FF6F86C23B94AE900414ABA /* Build configuration list for PBXNativeTarget "OpenMovieAppUITests" */ = {
			isa = XCConfigurationList;
			buildConfigurations = (
				1FF6F86D23B94AE900414ABA /* Debug */,
				1FF6F86E23B94AE900414ABA /* Release */,
			);
			defaultConfigurationIsVisible = 0;
			defaultConfigurationName = Release;
		};
/* End XCConfigurationList section */
	};
	rootObject = 1FF6F83423B94AE600414ABA /* Project object */;
}
